
Microsoft Visual Studio Solution File, Format Version 12.00
# Visual Studio Version 16
VisualStudioVersion = 16.0.30621.155
MinimumVisualStudioVersion = 10.0.40219.1
Project("{9A19103F-16F7-4668-BE54-9A1E7A4F7556}") = "TAC Grabber", "TAC Grabber.csproj", "{31B9A2D0-AE99-4B1D-8D24-632CF1759609}"
EndProject
Project("{2150E333-8FDC-42A3-9474-1A3956D46DE8}") = "Solution Items", "Solution Items", "{AE6910CD-881C-4A68-BAC6-7A9066F6A385}"
	ProjectSection(SolutionItems) = preProject
		LICENSE.txt = LICENSE.txt
		README.md = README.md
	EndProjectSection
EndProject
Global
	GlobalSection(SolutionConfigurationPlatforms) = preSolution
		Debug|Any CPU = Debug|Any CPU
		Release|Any CPU = Release|Any CPU
	EndGlobalSection
	GlobalSection(ProjectConfigurationPlatforms) = postSolution
		{31B9A2D0-AE99-4B1D-8D24-632CF1759609}.Debug|Any CPU.ActiveCfg = Debug|Any CPU
		{31B9A2D0-AE99-4B1D-8D24-632CF1759609}.Debug|Any CPU.Build.0 = Debug|Any CPU
		{31B9A2D0-AE99-4B1D-8D24-632CF1759609}.Release|Any CPU.ActiveCfg = Release|Any CPU
		{31B9A2D0-AE99-4B1D-8D24-632CF1759609}.Release|Any CPU.Build.0 = Release|Any CPU
	EndGlobalSection
	GlobalSection(SolutionProperties) = preSolution
		HideSolutionNode = FALSE
	EndGlobalSection
	GlobalSection(ExtensibilityGlobals) = postSolution
		SolutionGuid = {C56024EB-482A-451F-8C73-3DD8B6EB1540}
	EndGlobalSection
EndGlobal
